{
  "name": "@signalprocessing/windows",
  "version": "1.0.0",
  "lockfileVersion": 1,
  "requires": true,
  "dependencies": {
    "@signalprocessing/transforms": {
      "version": "1.1.5",
      "resolved": "https://registry.npmjs.org/@signalprocessing/transforms/-/transforms-1.1.5.tgz",
      "integrity": "sha512-p6u2fVBFuOGrNugGdj+pTveHG/Jld/GZ5TDSwrJRZoB/wgSQ36R/L1T9YNhZ8Z6Eca2BEqxaECJfKU83bd2rcg=="
    }
  }
}
