{
  "name": "@signalprocessing/transforms",
  "version": "1.1.5",
  "lockfileVersion": 1,
  "requires": true,
  "dependencies": {
    "@signalprocessing/windows": {
      "version": "1.0.4",
      "resolved": "https://registry.npmjs.org/@signalprocessing/windows/-/windows-1.0.4.tgz",
      "integrity": "sha512-9Qyc0IokbqSr7rwrBA5zRuxjs0yBCiYkDME0qEoFUAuNbjUBDyOzNauUdf2XCKIw9FnNGHYn7zZacAN7ekDFfw=="
    }
  }
}
